
Microsoft Visual Studio Solution File, Format Version 12.00
# Visual Studio Version 16
VisualStudioVersion = 16.0.30114.105
MinimumVisualStudioVersion = 10.0.40219.1
Project("{FAE04EC0-301F-11D3-BF4B-00C04F79EFBC}") = "Test1", "Test1.csproj", "{E0BA8E34-5F07-4354-81C8-26A29CA874A9}"
EndProject
Global
	GlobalSection(SolutionConfigurationPlatforms) = preSolution
		Debug|Any CPU = Debug|Any CPU
		Release|Any CPU = Release|Any CPU
	EndGlobalSection
	GlobalSection(ProjectConfigurationPlatforms) = postSolution
		{E0BA8E34-5F07-4354-81C8-26A29CA874A9}.Debug|Any CPU.ActiveCfg = Debug|Any CPU
		{E0BA8E34-5F07-4354-81C8-26A29CA874A9}.Debug|Any CPU.Build.0 = Debug|Any CPU
		{E0BA8E34-5F07-4354-81C8-26A29CA874A9}.Release|Any CPU.ActiveCfg = Release|Any CPU
		{E0BA8E34-5F07-4354-81C8-26A29CA874A9}.Release|Any CPU.Build.0 = Release|Any CPU
	EndGlobalSection
	GlobalSection(SolutionProperties) = preSolution
		HideSolutionNode = FALSE
	EndGlobalSection
	GlobalSection(ExtensibilityGlobals) = postSolution
		SolutionGuid = {F267227A-5D90-4B15-B8A2-E92F66A2A939}
	EndGlobalSection
EndGlobal
